
Microsoft Visual Studio Solution File, Format Version 12.00
# Visual Studio Version 17
VisualStudioVersion = 17.3.32929.385
MinimumVisualStudioVersion = 10.0.40219.1
Project("{FAE04EC0-301F-11D3-BF4B-00C04F79EFBC}") = "ADO.NetEntityFramewrokAUD", "ADO.NetEntityFramewrokAUD\ADO.NetEntityFramewrokAUD.csproj", "{390F8201-E30C-4648-BC14-253FF60A16E4}"
EndProject
Global
	GlobalSection(SolutionConfigurationPlatforms) = preSolution
		Debug|Any CPU = Debug|Any CPU
		Release|Any CPU = Release|Any CPU
	EndGlobalSection
	GlobalSection(ProjectConfigurationPlatforms) = postSolution
		{390F8201-E30C-4648-BC14-253FF60A16E4}.Debug|Any CPU.ActiveCfg = Debug|Any CPU
		{390F8201-E30C-4648-BC14-253FF60A16E4}.Debug|Any CPU.Build.0 = Debug|Any CPU
		{390F8201-E30C-4648-BC14-253FF60A16E4}.Release|Any CPU.ActiveCfg = Release|Any CPU
		{390F8201-E30C-4648-BC14-253FF60A16E4}.Release|Any CPU.Build.0 = Release|Any CPU
	EndGlobalSection
	GlobalSection(SolutionProperties) = preSolution
		HideSolutionNode = FALSE
	EndGlobalSection
	GlobalSection(ExtensibilityGlobals) = postSolution
		SolutionGuid = {D4116D24-F195-4890-B6B5-BE51FEBEF9BB}
	EndGlobalSection
EndGlobal
